
Microsoft Visual Studio Solution File, Format Version 12.00
# Visual Studio Version 17
VisualStudioVersion = 17.11.35222.181
MinimumVisualStudioVersion = 10.0.40219.1
Project("{FAE04EC0-301F-11D3-BF4B-00C04F79EFBC}") = "C Shrap Grammar", "C Shrap Grammar\C Shrap Grammar.csproj", "{0B8852DA-894D-43DF-A73F-C8FCA8795F3B}"
EndProject
Global
	GlobalSection(SolutionConfigurationPlatforms) = preSolution
		Debug|Any CPU = Debug|Any CPU
		Release|Any CPU = Release|Any CPU
	EndGlobalSection
	GlobalSection(ProjectConfigurationPlatforms) = postSolution
		{0B8852DA-894D-43DF-A73F-C8FCA8795F3B}.Debug|Any CPU.ActiveCfg = Debug|Any CPU
		{0B8852DA-894D-43DF-A73F-C8FCA8795F3B}.Debug|Any CPU.Build.0 = Debug|Any CPU
		{0B8852DA-894D-43DF-A73F-C8FCA8795F3B}.Release|Any CPU.ActiveCfg = Release|Any CPU
		{0B8852DA-894D-43DF-A73F-C8FCA8795F3B}.Release|Any CPU.Build.0 = Release|Any CPU
	EndGlobalSection
	GlobalSection(SolutionProperties) = preSolution
		HideSolutionNode = FALSE
	EndGlobalSection
	GlobalSection(ExtensibilityGlobals) = postSolution
		SolutionGuid = {E6A25C6B-28D1-491E-B943-D83AEA3BFF4A}
	EndGlobalSection
EndGlobal
