
Microsoft Visual Studio Solution File, Format Version 12.00
# Visual Studio Version 17
VisualStudioVersion = 17.11.35222.181
MinimumVisualStudioVersion = 10.0.40219.1
Project("{9A19103F-16F7-4668-BE54-9A1E7A4F7556}") = "BCVP.NET8", "BCVP.NET8\BCVP.NET8.csproj", "{F24F649F-66AA-41E4-ABA5-D07EEEBB5446}"
EndProject
Project("{FAE04EC0-301F-11D3-BF4B-00C04F79EFBC}") = "BCVP.NET8.Commom", "BCVP.NET8.Commom\BCVP.NET8.Commom.csproj", "{04CC0FB1-D0CE-48D1-BD1B-DD8EB193732F}"
EndProject
Project("{FAE04EC0-301F-11D3-BF4B-00C04F79EFBC}") = "BCVP.NET8.Model", "BCVP.NET8.Model\BCVP.NET8.Model.csproj", "{A6F61EF5-C5B0-4D98-A6FB-0A4B01DD077B}"
EndProject
Project("{FAE04EC0-301F-11D3-BF4B-00C04F79EFBC}") = "BCVP.NET8.Repository", "BCVP.NET8.Repository\BCVP.NET8.Repository.csproj", "{ADBC8A72-738C-4481-80AA-5D137754A586}"
EndProject
Project("{FAE04EC0-301F-11D3-BF4B-00C04F79EFBC}") = "BCVP.NET8.IService", "BCVP.NET8.IService\BCVP.NET8.IService.csproj", "{C46934D5-1AD5-47F2-AFD2-B71EA688862A}"
EndProject
Project("{FAE04EC0-301F-11D3-BF4B-00C04F79EFBC}") = "BCVP.NET8.Service", "BCVP.NET8.Service\BCVP.NET8.Service.csproj", "{43CCA50D-0B6F-497B-8859-4BBC5F80149B}"
EndProject
Global
	GlobalSection(SolutionConfigurationPlatforms) = preSolution
		Debug|Any CPU = Debug|Any CPU
		Release|Any CPU = Release|Any CPU
	EndGlobalSection
	GlobalSection(ProjectConfigurationPlatforms) = postSolution
		{F24F649F-66AA-41E4-ABA5-D07EEEBB5446}.Debug|Any CPU.ActiveCfg = Debug|Any CPU
		{F24F649F-66AA-41E4-ABA5-D07EEEBB5446}.Debug|Any CPU.Build.0 = Debug|Any CPU
		{F24F649F-66AA-41E4-ABA5-D07EEEBB5446}.Release|Any CPU.ActiveCfg = Release|Any CPU
		{F24F649F-66AA-41E4-ABA5-D07EEEBB5446}.Release|Any CPU.Build.0 = Release|Any CPU
		{04CC0FB1-D0CE-48D1-BD1B-DD8EB193732F}.Debug|Any CPU.ActiveCfg = Debug|Any CPU
		{04CC0FB1-D0CE-48D1-BD1B-DD8EB193732F}.Debug|Any CPU.Build.0 = Debug|Any CPU
		{04CC0FB1-D0CE-48D1-BD1B-DD8EB193732F}.Release|Any CPU.ActiveCfg = Release|Any CPU
		{04CC0FB1-D0CE-48D1-BD1B-DD8EB193732F}.Release|Any CPU.Build.0 = Release|Any CPU
		{A6F61EF5-C5B0-4D98-A6FB-0A4B01DD077B}.Debug|Any CPU.ActiveCfg = Debug|Any CPU
		{A6F61EF5-C5B0-4D98-A6FB-0A4B01DD077B}.Debug|Any CPU.Build.0 = Debug|Any CPU
		{A6F61EF5-C5B0-4D98-A6FB-0A4B01DD077B}.Release|Any CPU.ActiveCfg = Release|Any CPU
		{A6F61EF5-C5B0-4D98-A6FB-0A4B01DD077B}.Release|Any CPU.Build.0 = Release|Any CPU
		{ADBC8A72-738C-4481-80AA-5D137754A586}.Debug|Any CPU.ActiveCfg = Debug|Any CPU
		{ADBC8A72-738C-4481-80AA-5D137754A586}.Debug|Any CPU.Build.0 = Debug|Any CPU
		{ADBC8A72-738C-4481-80AA-5D137754A586}.Release|Any CPU.ActiveCfg = Release|Any CPU
		{ADBC8A72-738C-4481-80AA-5D137754A586}.Release|Any CPU.Build.0 = Release|Any CPU
		{C46934D5-1AD5-47F2-AFD2-B71EA688862A}.Debug|Any CPU.ActiveCfg = Debug|Any CPU
		{C46934D5-1AD5-47F2-AFD2-B71EA688862A}.Debug|Any CPU.Build.0 = Debug|Any CPU
		{C46934D5-1AD5-47F2-AFD2-B71EA688862A}.Release|Any CPU.ActiveCfg = Release|Any CPU
		{C46934D5-1AD5-47F2-AFD2-B71EA688862A}.Release|Any CPU.Build.0 = Release|Any CPU
		{43CCA50D-0B6F-497B-8859-4BBC5F80149B}.Debug|Any CPU.ActiveCfg = Debug|Any CPU
		{43CCA50D-0B6F-497B-8859-4BBC5F80149B}.Debug|Any CPU.Build.0 = Debug|Any CPU
		{43CCA50D-0B6F-497B-8859-4BBC5F80149B}.Release|Any CPU.ActiveCfg = Release|Any CPU
		{43CCA50D-0B6F-497B-8859-4BBC5F80149B}.Release|Any CPU.Build.0 = Release|Any CPU
	EndGlobalSection
	GlobalSection(SolutionProperties) = preSolution
		HideSolutionNode = FALSE
	EndGlobalSection
	GlobalSection(ExtensibilityGlobals) = postSolution
		SolutionGuid = {57B28099-00FC-42AE-81E0-D9AFB6284696}
	EndGlobalSection
EndGlobal
